
Microsoft Visual Studio Solution File, Format Version 12.00
# Visual Studio 14
VisualStudioVersion = 14.0.25420.1
MinimumVisualStudioVersion = 10.0.40219.1
Project("{FAE04EC0-301F-11D3-BF4B-00C04F79EFBC}") = "API", "TestProject\API.csproj", "{C154E274-DD01-4E62-85E2-5DFF81AAEE15}"
EndProject
Project("{FAE04EC0-301F-11D3-BF4B-00C04F79EFBC}") = "StatiqueData", "StatiqueData\StatiqueData.csproj", "{87EC9A78-74F5-4D89-BAD0-0C865028123F}"
EndProject
Project("{FAE04EC0-301F-11D3-BF4B-00C04F79EFBC}") = "Client", "Client\Client.csproj", "{01EFC038-03B1-46DE-B65D-D065801AACD0}"
EndProject
Global
	GlobalSection(SolutionConfigurationPlatforms) = preSolution
		Debug|Any CPU = Debug|Any CPU
		Release|Any CPU = Release|Any CPU
	EndGlobalSection
	GlobalSection(ProjectConfigurationPlatforms) = postSolution
		{C154E274-DD01-4E62-85E2-5DFF81AAEE15}.Debug|Any CPU.ActiveCfg = Debug|Any CPU
		{C154E274-DD01-4E62-85E2-5DFF81AAEE15}.Debug|Any CPU.Build.0 = Debug|Any CPU
		{C154E274-DD01-4E62-85E2-5DFF81AAEE15}.Release|Any CPU.ActiveCfg = Release|Any CPU
		{C154E274-DD01-4E62-85E2-5DFF81AAEE15}.Release|Any CPU.Build.0 = Release|Any CPU
		{87EC9A78-74F5-4D89-BAD0-0C865028123F}.Debug|Any CPU.ActiveCfg = Debug|Any CPU
		{87EC9A78-74F5-4D89-BAD0-0C865028123F}.Debug|Any CPU.Build.0 = Debug|Any CPU
		{87EC9A78-74F5-4D89-BAD0-0C865028123F}.Release|Any CPU.ActiveCfg = Release|Any CPU
		{87EC9A78-74F5-4D89-BAD0-0C865028123F}.Release|Any CPU.Build.0 = Release|Any CPU
		{01EFC038-03B1-46DE-B65D-D065801AACD0}.Debug|Any CPU.ActiveCfg = Debug|Any CPU
		{01EFC038-03B1-46DE-B65D-D065801AACD0}.Debug|Any CPU.Build.0 = Debug|Any CPU
		{01EFC038-03B1-46DE-B65D-D065801AACD0}.Release|Any CPU.ActiveCfg = Release|Any CPU
		{01EFC038-03B1-46DE-B65D-D065801AACD0}.Release|Any CPU.Build.0 = Release|Any CPU
	EndGlobalSection
	GlobalSection(SolutionProperties) = preSolution
		HideSolutionNode = FALSE
	EndGlobalSection
EndGlobal
